
Microsoft Visual Studio Solution File, Format Version 12.00
# Visual Studio Version 16
VisualStudioVersion = 16.0.30907.101
MinimumVisualStudioVersion = 10.0.40219.1
Project("{FAE04EC0-301F-11D3-BF4B-00C04F79EFBC}") = "ClassMetotDemo", "ClassMetotDemo\ClassMetotDemo.csproj", "{EEDBFA7F-508C-451A-9C5B-E25B112776DA}"
EndProject
Global
	GlobalSection(SolutionConfigurationPlatforms) = preSolution
		Debug|Any CPU = Debug|Any CPU
		Release|Any CPU = Release|Any CPU
	EndGlobalSection
	GlobalSection(ProjectConfigurationPlatforms) = postSolution
		{EEDBFA7F-508C-451A-9C5B-E25B112776DA}.Debug|Any CPU.ActiveCfg = Debug|Any CPU
		{EEDBFA7F-508C-451A-9C5B-E25B112776DA}.Debug|Any CPU.Build.0 = Debug|Any CPU
		{EEDBFA7F-508C-451A-9C5B-E25B112776DA}.Release|Any CPU.ActiveCfg = Release|Any CPU
		{EEDBFA7F-508C-451A-9C5B-E25B112776DA}.Release|Any CPU.Build.0 = Release|Any CPU
	EndGlobalSection
	GlobalSection(SolutionProperties) = preSolution
		HideSolutionNode = FALSE
	EndGlobalSection
	GlobalSection(ExtensibilityGlobals) = postSolution
		SolutionGuid = {A864FC1E-2A9E-4D86-ACAD-52AC46065047}
	EndGlobalSection
EndGlobal
